
Microsoft Visual Studio Solution File, Format Version 12.00
# Visual Studio Version 17
VisualStudioVersion = 17.1.32328.378
MinimumVisualStudioVersion = 10.0.40219.1
Project("{9A19103F-16F7-4668-BE54-9A1E7A4F7556}") = "BaseServices", "BaseServices.csproj", "{02480572-4111-4387-BF88-64D7AFFEF5F5}"
EndProject
Project("{9A19103F-16F7-4668-BE54-9A1E7A4F7556}") = "Core", "..\Core\Core.csproj", "{CC9F4499-4AB9-444B-B9B2-1790A0B261D3}"
EndProject
Project("{9A19103F-16F7-4668-BE54-9A1E7A4F7556}") = "Infrastructure", "..\Infrastructure\Infrastructure.csproj", "{CE0BD43F-9364-4B31-BA61-7EA52FC9499B}"
EndProject
Project("{9A19103F-16F7-4668-BE54-9A1E7A4F7556}") = "Service", "..\Service\Service.csproj", "{EFD8853A-F9A8-4895-AD8F-5C5E6CC23C3B}"
EndProject
Global
	GlobalSection(SolutionConfigurationPlatforms) = preSolution
		Debug|Any CPU = Debug|Any CPU
		Release|Any CPU = Release|Any CPU
	EndGlobalSection
	GlobalSection(ProjectConfigurationPlatforms) = postSolution
		{02480572-4111-4387-BF88-64D7AFFEF5F5}.Debug|Any CPU.ActiveCfg = Debug|Any CPU
		{02480572-4111-4387-BF88-64D7AFFEF5F5}.Debug|Any CPU.Build.0 = Debug|Any CPU
		{02480572-4111-4387-BF88-64D7AFFEF5F5}.Release|Any CPU.ActiveCfg = Release|Any CPU
		{02480572-4111-4387-BF88-64D7AFFEF5F5}.Release|Any CPU.Build.0 = Release|Any CPU
		{CC9F4499-4AB9-444B-B9B2-1790A0B261D3}.Debug|Any CPU.ActiveCfg = Debug|Any CPU
		{CC9F4499-4AB9-444B-B9B2-1790A0B261D3}.Debug|Any CPU.Build.0 = Debug|Any CPU
		{CC9F4499-4AB9-444B-B9B2-1790A0B261D3}.Release|Any CPU.ActiveCfg = Release|Any CPU
		{CC9F4499-4AB9-444B-B9B2-1790A0B261D3}.Release|Any CPU.Build.0 = Release|Any CPU
		{CE0BD43F-9364-4B31-BA61-7EA52FC9499B}.Debug|Any CPU.ActiveCfg = Debug|Any CPU
		{CE0BD43F-9364-4B31-BA61-7EA52FC9499B}.Debug|Any CPU.Build.0 = Debug|Any CPU
		{CE0BD43F-9364-4B31-BA61-7EA52FC9499B}.Release|Any CPU.ActiveCfg = Release|Any CPU
		{CE0BD43F-9364-4B31-BA61-7EA52FC9499B}.Release|Any CPU.Build.0 = Release|Any CPU
		{EFD8853A-F9A8-4895-AD8F-5C5E6CC23C3B}.Debug|Any CPU.ActiveCfg = Debug|Any CPU
		{EFD8853A-F9A8-4895-AD8F-5C5E6CC23C3B}.Debug|Any CPU.Build.0 = Debug|Any CPU
		{EFD8853A-F9A8-4895-AD8F-5C5E6CC23C3B}.Release|Any CPU.ActiveCfg = Release|Any CPU
		{EFD8853A-F9A8-4895-AD8F-5C5E6CC23C3B}.Release|Any CPU.Build.0 = Release|Any CPU
	EndGlobalSection
	GlobalSection(SolutionProperties) = preSolution
		HideSolutionNode = FALSE
	EndGlobalSection
	GlobalSection(ExtensibilityGlobals) = postSolution
		SolutionGuid = {4AC8ECB0-8E13-4302-B6D2-ED8496854902}
	EndGlobalSection
EndGlobal
