
Microsoft Visual Studio Solution File, Format Version 12.00
# Visual Studio Version 17
VisualStudioVersion = 17.1.32328.378
MinimumVisualStudioVersion = 10.0.40219.1
Project("{FAE04EC0-301F-11D3-BF4B-00C04F79EFBC}") = "BaseServices", "BaseServices.csproj", "{02480572-4111-4387-BF88-64D7AFFEF5F5}"
EndProject
Project("{FAE04EC0-301F-11D3-BF4B-00C04F79EFBC}") = "Core", "..\Core\Core.csproj", "{CC9F4499-4AB9-444B-B9B2-1790A0B261D3}"
EndProject
Project("{FAE04EC0-301F-11D3-BF4B-00C04F79EFBC}") = "Infrastructure", "..\Infrastructure\Infrastructure.csproj", "{CE0BD43F-9364-4B31-BA61-7EA52FC9499B}"
EndProject
Project("{FAE04EC0-301F-11D3-BF4B-00C04F79EFBC}") = "Service", "..\Serviceư\Service.csproj", "{E3A6D19D-F13B-4505-B17C-2E6906046661}"
EndProject
Global
	GlobalSection(SolutionConfigurationPlatforms) = preSolution
		Debug|Any CPU = Debug|Any CPU
		Release|Any CPU = Release|Any CPU
	EndGlobalSection
	GlobalSection(ProjectConfigurationPlatforms) = postSolution
		{02480572-4111-4387-BF88-64D7AFFEF5F5}.Debug|Any CPU.ActiveCfg = Debug|Any CPU
		{02480572-4111-4387-BF88-64D7AFFEF5F5}.Debug|Any CPU.Build.0 = Debug|Any CPU
		{02480572-4111-4387-BF88-64D7AFFEF5F5}.Release|Any CPU.ActiveCfg = Release|Any CPU
		{02480572-4111-4387-BF88-64D7AFFEF5F5}.Release|Any CPU.Build.0 = Release|Any CPU
		{CC9F4499-4AB9-444B-B9B2-1790A0B261D3}.Debug|Any CPU.ActiveCfg = Debug|Any CPU
		{CC9F4499-4AB9-444B-B9B2-1790A0B261D3}.Debug|Any CPU.Build.0 = Debug|Any CPU
		{CC9F4499-4AB9-444B-B9B2-1790A0B261D3}.Release|Any CPU.ActiveCfg = Release|Any CPU
		{CC9F4499-4AB9-444B-B9B2-1790A0B261D3}.Release|Any CPU.Build.0 = Release|Any CPU
		{CE0BD43F-9364-4B31-BA61-7EA52FC9499B}.Debug|Any CPU.ActiveCfg = Debug|Any CPU
		{CE0BD43F-9364-4B31-BA61-7EA52FC9499B}.Debug|Any CPU.Build.0 = Debug|Any CPU
		{CE0BD43F-9364-4B31-BA61-7EA52FC9499B}.Release|Any CPU.ActiveCfg = Release|Any CPU
		{CE0BD43F-9364-4B31-BA61-7EA52FC9499B}.Release|Any CPU.Build.0 = Release|Any CPU
		{E3A6D19D-F13B-4505-B17C-2E6906046661}.Debug|Any CPU.ActiveCfg = Debug|Any CPU
		{E3A6D19D-F13B-4505-B17C-2E6906046661}.Debug|Any CPU.Build.0 = Debug|Any CPU
		{E3A6D19D-F13B-4505-B17C-2E6906046661}.Release|Any CPU.ActiveCfg = Release|Any CPU
		{E3A6D19D-F13B-4505-B17C-2E6906046661}.Release|Any CPU.Build.0 = Release|Any CPU
	EndGlobalSection
	GlobalSection(SolutionProperties) = preSolution
		HideSolutionNode = FALSE
	EndGlobalSection
	GlobalSection(ExtensibilityGlobals) = postSolution
		SolutionGuid = {4AC8ECB0-8E13-4302-B6D2-ED8496854902}
	EndGlobalSection
EndGlobal
